
Microsoft Visual Studio Solution File, Format Version 12.00
# Visual Studio Version 17
VisualStudioVersion = 17.1.32210.238
MinimumVisualStudioVersion = 10.0.40219.1
Project("{FAE04EC0-301F-11D3-BF4B-00C04F79EFBC}") = "CnDibujarLineas", "Rectangulo1\CnDibujarLineas.csproj", "{B07C0A4B-70A6-45CD-BBFF-BF34B647186E}"
EndProject
Global
	GlobalSection(SolutionConfigurationPlatforms) = preSolution
		Debug|Any CPU = Debug|Any CPU
		Release|Any CPU = Release|Any CPU
	EndGlobalSection
	GlobalSection(ProjectConfigurationPlatforms) = postSolution
		{B07C0A4B-70A6-45CD-BBFF-BF34B647186E}.Debug|Any CPU.ActiveCfg = Debug|Any CPU
		{B07C0A4B-70A6-45CD-BBFF-BF34B647186E}.Debug|Any CPU.Build.0 = Debug|Any CPU
		{B07C0A4B-70A6-45CD-BBFF-BF34B647186E}.Release|Any CPU.ActiveCfg = Release|Any CPU
		{B07C0A4B-70A6-45CD-BBFF-BF34B647186E}.Release|Any CPU.Build.0 = Release|Any CPU
	EndGlobalSection
	GlobalSection(SolutionProperties) = preSolution
		HideSolutionNode = FALSE
	EndGlobalSection
	GlobalSection(ExtensibilityGlobals) = postSolution
		SolutionGuid = {4BDD9E8D-0BC1-4CDA-93B3-241048138040}
	EndGlobalSection
EndGlobal
